
Microsoft Visual Studio Solution File, Format Version 12.00
# Visual Studio 14
VisualStudioVersion = 14.0.24720.0
MinimumVisualStudioVersion = 10.0.40219.1
Project("{FAE04EC0-301F-11D3-BF4B-00C04F79EFBC}") = "DataRecovery.ConsoleApp", "DataRecovery.ConsoleApp\DataRecovery.ConsoleApp.csproj", "{D3515274-F307-49F5-943F-97AD9E6B03CE}"
EndProject
Project("{FAE04EC0-301F-11D3-BF4B-00C04F79EFBC}") = "DataRecovery.UnitTests", "DataRecovery.UnitTests\DataRecovery.UnitTests.csproj", "{B77471E7-A94D-41F4-A1FA-36CBCD2AF445}"
EndProject
Global
	GlobalSection(SolutionConfigurationPlatforms) = preSolution
		Debug|Any CPU = Debug|Any CPU
		Release|Any CPU = Release|Any CPU
	EndGlobalSection
	GlobalSection(ProjectConfigurationPlatforms) = postSolution
		{D3515274-F307-49F5-943F-97AD9E6B03CE}.Debug|Any CPU.ActiveCfg = Debug|Any CPU
		{D3515274-F307-49F5-943F-97AD9E6B03CE}.Debug|Any CPU.Build.0 = Debug|Any CPU
		{D3515274-F307-49F5-943F-97AD9E6B03CE}.Release|Any CPU.ActiveCfg = Release|Any CPU
		{D3515274-F307-49F5-943F-97AD9E6B03CE}.Release|Any CPU.Build.0 = Release|Any CPU
		{B77471E7-A94D-41F4-A1FA-36CBCD2AF445}.Debug|Any CPU.ActiveCfg = Debug|Any CPU
		{B77471E7-A94D-41F4-A1FA-36CBCD2AF445}.Debug|Any CPU.Build.0 = Debug|Any CPU
		{B77471E7-A94D-41F4-A1FA-36CBCD2AF445}.Release|Any CPU.ActiveCfg = Release|Any CPU
		{B77471E7-A94D-41F4-A1FA-36CBCD2AF445}.Release|Any CPU.Build.0 = Release|Any CPU
	EndGlobalSection
	GlobalSection(SolutionProperties) = preSolution
		HideSolutionNode = FALSE
	EndGlobalSection
EndGlobal
