
Microsoft Visual Studio Solution File, Format Version 12.00
# Visual Studio 14
VisualStudioVersion = 14.0.23107.0
MinimumVisualStudioVersion = 10.0.40219.1
Project("{FAE04EC0-301F-11D3-BF4B-00C04F79EFBC}") = "BitPositions.ConsoleApp", "BitPositions.ConsoleApp\BitPositions.ConsoleApp.csproj", "{59AF16DF-9602-40F3-A540-BA19E2E301A1}"
EndProject
Project("{FAE04EC0-301F-11D3-BF4B-00C04F79EFBC}") = "BitPositions.UnitTests", "BitPositions.UnitTests\BitPositions.UnitTests.csproj", "{31BAD470-3647-46A1-9F76-673777156163}"
EndProject
Global
	GlobalSection(SolutionConfigurationPlatforms) = preSolution
		Debug|Any CPU = Debug|Any CPU
		Release|Any CPU = Release|Any CPU
	EndGlobalSection
	GlobalSection(ProjectConfigurationPlatforms) = postSolution
		{59AF16DF-9602-40F3-A540-BA19E2E301A1}.Debug|Any CPU.ActiveCfg = Debug|Any CPU
		{59AF16DF-9602-40F3-A540-BA19E2E301A1}.Debug|Any CPU.Build.0 = Debug|Any CPU
		{59AF16DF-9602-40F3-A540-BA19E2E301A1}.Release|Any CPU.ActiveCfg = Release|Any CPU
		{59AF16DF-9602-40F3-A540-BA19E2E301A1}.Release|Any CPU.Build.0 = Release|Any CPU
		{31BAD470-3647-46A1-9F76-673777156163}.Debug|Any CPU.ActiveCfg = Debug|Any CPU
		{31BAD470-3647-46A1-9F76-673777156163}.Debug|Any CPU.Build.0 = Debug|Any CPU
		{31BAD470-3647-46A1-9F76-673777156163}.Release|Any CPU.ActiveCfg = Release|Any CPU
		{31BAD470-3647-46A1-9F76-673777156163}.Release|Any CPU.Build.0 = Release|Any CPU
	EndGlobalSection
	GlobalSection(SolutionProperties) = preSolution
		HideSolutionNode = FALSE
	EndGlobalSection
EndGlobal
