
Microsoft Visual Studio Solution File, Format Version 12.00
# Visual Studio 14
VisualStudioVersion = 14.0.24720.0
MinimumVisualStudioVersion = 10.0.40219.1
Project("{FAE04EC0-301F-11D3-BF4B-00C04F79EFBC}") = "SumOfPrimes.ConsoleApp", "SumOfPrimes.ConsoleApp\SumOfPrimes.ConsoleApp.csproj", "{74C228F2-94A8-4966-BA81-73D30472A3D2}"
EndProject
Project("{FAE04EC0-301F-11D3-BF4B-00C04F79EFBC}") = "SumOfPrimes.UnitTests", "SumOfPrimes.UnitTests\SumOfPrimes.UnitTests.csproj", "{45A61A32-9D79-4DF5-91B7-67FC9977C4DE}"
EndProject
Global
	GlobalSection(SolutionConfigurationPlatforms) = preSolution
		Debug|Any CPU = Debug|Any CPU
		Release|Any CPU = Release|Any CPU
	EndGlobalSection
	GlobalSection(ProjectConfigurationPlatforms) = postSolution
		{74C228F2-94A8-4966-BA81-73D30472A3D2}.Debug|Any CPU.ActiveCfg = Debug|Any CPU
		{74C228F2-94A8-4966-BA81-73D30472A3D2}.Debug|Any CPU.Build.0 = Debug|Any CPU
		{74C228F2-94A8-4966-BA81-73D30472A3D2}.Release|Any CPU.ActiveCfg = Release|Any CPU
		{74C228F2-94A8-4966-BA81-73D30472A3D2}.Release|Any CPU.Build.0 = Release|Any CPU
		{45A61A32-9D79-4DF5-91B7-67FC9977C4DE}.Debug|Any CPU.ActiveCfg = Debug|Any CPU
		{45A61A32-9D79-4DF5-91B7-67FC9977C4DE}.Debug|Any CPU.Build.0 = Debug|Any CPU
		{45A61A32-9D79-4DF5-91B7-67FC9977C4DE}.Release|Any CPU.ActiveCfg = Release|Any CPU
		{45A61A32-9D79-4DF5-91B7-67FC9977C4DE}.Release|Any CPU.Build.0 = Release|Any CPU
	EndGlobalSection
	GlobalSection(SolutionProperties) = preSolution
		HideSolutionNode = FALSE
	EndGlobalSection
EndGlobal
