
Microsoft Visual Studio Solution File, Format Version 12.00
# Visual Studio 14
VisualStudioVersion = 14.0.23107.0
MinimumVisualStudioVersion = 10.0.40219.1
Project("{FAE04EC0-301F-11D3-BF4B-00C04F79EFBC}") = "MultiplicationTables.ConsoleApp", "MultiplicationTables.ConsoleApp\MultiplicationTables.ConsoleApp.csproj", "{B3040112-9419-47F7-858D-708EB4DED9AA}"
EndProject
Project("{FAE04EC0-301F-11D3-BF4B-00C04F79EFBC}") = "MultiplicationTables.UnitTests", "MultiplicationTables.UnitTests\MultiplicationTables.UnitTests.csproj", "{94339965-ABFE-4ED6-99BF-B2C4F84B8AD7}"
EndProject
Global
	GlobalSection(SolutionConfigurationPlatforms) = preSolution
		Debug|Any CPU = Debug|Any CPU
		Release|Any CPU = Release|Any CPU
	EndGlobalSection
	GlobalSection(ProjectConfigurationPlatforms) = postSolution
		{B3040112-9419-47F7-858D-708EB4DED9AA}.Debug|Any CPU.ActiveCfg = Debug|Any CPU
		{B3040112-9419-47F7-858D-708EB4DED9AA}.Debug|Any CPU.Build.0 = Debug|Any CPU
		{B3040112-9419-47F7-858D-708EB4DED9AA}.Release|Any CPU.ActiveCfg = Release|Any CPU
		{B3040112-9419-47F7-858D-708EB4DED9AA}.Release|Any CPU.Build.0 = Release|Any CPU
		{94339965-ABFE-4ED6-99BF-B2C4F84B8AD7}.Debug|Any CPU.ActiveCfg = Debug|Any CPU
		{94339965-ABFE-4ED6-99BF-B2C4F84B8AD7}.Debug|Any CPU.Build.0 = Debug|Any CPU
		{94339965-ABFE-4ED6-99BF-B2C4F84B8AD7}.Release|Any CPU.ActiveCfg = Release|Any CPU
		{94339965-ABFE-4ED6-99BF-B2C4F84B8AD7}.Release|Any CPU.Build.0 = Release|Any CPU
	EndGlobalSection
	GlobalSection(SolutionProperties) = preSolution
		HideSolutionNode = FALSE
	EndGlobalSection
EndGlobal
