
Microsoft Visual Studio Solution File, Format Version 12.00
# Visual Studio 14
VisualStudioVersion = 14.0.23107.0
MinimumVisualStudioVersion = 10.0.40219.1
Project("{FAE04EC0-301F-11D3-BF4B-00C04F79EFBC}") = "Lowercase.ConsoleApp", "Lowercase.ConsoleApp\Lowercase.ConsoleApp.csproj", "{52557C9A-7C34-43D9-9DC9-7A3B582C5A74}"
EndProject
Project("{FAE04EC0-301F-11D3-BF4B-00C04F79EFBC}") = "Lowercase.UnitTests", "Lowercase.UnitTests\Lowercase.UnitTests.csproj", "{B691B1F3-B402-4A32-B7B3-1CE07A47BBCE}"
EndProject
Global
	GlobalSection(SolutionConfigurationPlatforms) = preSolution
		Debug|Any CPU = Debug|Any CPU
		Release|Any CPU = Release|Any CPU
	EndGlobalSection
	GlobalSection(ProjectConfigurationPlatforms) = postSolution
		{52557C9A-7C34-43D9-9DC9-7A3B582C5A74}.Debug|Any CPU.ActiveCfg = Debug|Any CPU
		{52557C9A-7C34-43D9-9DC9-7A3B582C5A74}.Debug|Any CPU.Build.0 = Debug|Any CPU
		{52557C9A-7C34-43D9-9DC9-7A3B582C5A74}.Release|Any CPU.ActiveCfg = Release|Any CPU
		{52557C9A-7C34-43D9-9DC9-7A3B582C5A74}.Release|Any CPU.Build.0 = Release|Any CPU
		{B691B1F3-B402-4A32-B7B3-1CE07A47BBCE}.Debug|Any CPU.ActiveCfg = Debug|Any CPU
		{B691B1F3-B402-4A32-B7B3-1CE07A47BBCE}.Debug|Any CPU.Build.0 = Debug|Any CPU
		{B691B1F3-B402-4A32-B7B3-1CE07A47BBCE}.Release|Any CPU.ActiveCfg = Release|Any CPU
		{B691B1F3-B402-4A32-B7B3-1CE07A47BBCE}.Release|Any CPU.Build.0 = Release|Any CPU
	EndGlobalSection
	GlobalSection(SolutionProperties) = preSolution
		HideSolutionNode = FALSE
	EndGlobalSection
EndGlobal
