
Microsoft Visual Studio Solution File, Format Version 12.00
# Visual Studio 14
VisualStudioVersion = 14.0.23107.0
MinimumVisualStudioVersion = 10.0.40219.1
Project("{FAE04EC0-301F-11D3-BF4B-00C04F79EFBC}") = "MultiplesOfANumber.ConsoleApp", "MultiplesOfANumber.ConsoleApp\MultiplesOfANumber.ConsoleApp.csproj", "{D4AE2DA0-6816-4DB2-A54E-F93A98C04311}"
EndProject
Project("{FAE04EC0-301F-11D3-BF4B-00C04F79EFBC}") = "MultiplesOfANumber.UnitTests", "MultiplesOfANumber.UnitTests\MultiplesOfANumber.UnitTests.csproj", "{19A6834E-A07D-4D5A-9B91-1A616BCF3591}"
EndProject
Global
	GlobalSection(SolutionConfigurationPlatforms) = preSolution
		Debug|Any CPU = Debug|Any CPU
		Release|Any CPU = Release|Any CPU
	EndGlobalSection
	GlobalSection(ProjectConfigurationPlatforms) = postSolution
		{D4AE2DA0-6816-4DB2-A54E-F93A98C04311}.Debug|Any CPU.ActiveCfg = Debug|Any CPU
		{D4AE2DA0-6816-4DB2-A54E-F93A98C04311}.Debug|Any CPU.Build.0 = Debug|Any CPU
		{D4AE2DA0-6816-4DB2-A54E-F93A98C04311}.Release|Any CPU.ActiveCfg = Release|Any CPU
		{D4AE2DA0-6816-4DB2-A54E-F93A98C04311}.Release|Any CPU.Build.0 = Release|Any CPU
		{19A6834E-A07D-4D5A-9B91-1A616BCF3591}.Debug|Any CPU.ActiveCfg = Debug|Any CPU
		{19A6834E-A07D-4D5A-9B91-1A616BCF3591}.Debug|Any CPU.Build.0 = Debug|Any CPU
		{19A6834E-A07D-4D5A-9B91-1A616BCF3591}.Release|Any CPU.ActiveCfg = Release|Any CPU
		{19A6834E-A07D-4D5A-9B91-1A616BCF3591}.Release|Any CPU.Build.0 = Release|Any CPU
	EndGlobalSection
	GlobalSection(SolutionProperties) = preSolution
		HideSolutionNode = FALSE
	EndGlobalSection
EndGlobal
