
Microsoft Visual Studio Solution File, Format Version 12.00
# Visual Studio 14
VisualStudioVersion = 14.0.24720.0
MinimumVisualStudioVersion = 10.0.40219.1
Project("{FAE04EC0-301F-11D3-BF4B-00C04F79EFBC}") = "ShortestRepetition.ConsoleApp", "ShortestRepetition.ConsoleApp\ShortestRepetition.ConsoleApp.csproj", "{021248DD-E17F-4B6A-9A01-3FF94C64F0DE}"
EndProject
Project("{FAE04EC0-301F-11D3-BF4B-00C04F79EFBC}") = "ShortestRepetition.UnitTests", "ShortestRepetition.UnitTests\ShortestRepetition.UnitTests.csproj", "{2CC422F9-72CD-492A-A5E1-B017DAC2035C}"
EndProject
Global
	GlobalSection(SolutionConfigurationPlatforms) = preSolution
		Debug|Any CPU = Debug|Any CPU
		Release|Any CPU = Release|Any CPU
	EndGlobalSection
	GlobalSection(ProjectConfigurationPlatforms) = postSolution
		{021248DD-E17F-4B6A-9A01-3FF94C64F0DE}.Debug|Any CPU.ActiveCfg = Debug|Any CPU
		{021248DD-E17F-4B6A-9A01-3FF94C64F0DE}.Debug|Any CPU.Build.0 = Debug|Any CPU
		{021248DD-E17F-4B6A-9A01-3FF94C64F0DE}.Release|Any CPU.ActiveCfg = Release|Any CPU
		{021248DD-E17F-4B6A-9A01-3FF94C64F0DE}.Release|Any CPU.Build.0 = Release|Any CPU
		{2CC422F9-72CD-492A-A5E1-B017DAC2035C}.Debug|Any CPU.ActiveCfg = Debug|Any CPU
		{2CC422F9-72CD-492A-A5E1-B017DAC2035C}.Debug|Any CPU.Build.0 = Debug|Any CPU
		{2CC422F9-72CD-492A-A5E1-B017DAC2035C}.Release|Any CPU.ActiveCfg = Release|Any CPU
		{2CC422F9-72CD-492A-A5E1-B017DAC2035C}.Release|Any CPU.Build.0 = Release|Any CPU
	EndGlobalSection
	GlobalSection(SolutionProperties) = preSolution
		HideSolutionNode = FALSE
	EndGlobalSection
EndGlobal
