
Microsoft Visual Studio Solution File, Format Version 12.00
# Visual Studio 14
VisualStudioVersion = 14.0.23107.0
MinimumVisualStudioVersion = 10.0.40219.1
Project("{FAE04EC0-301F-11D3-BF4B-00C04F79EFBC}") = "SetIntersection.ConsoleApp", "SetIntersection.ConsoleApp\SetIntersection.ConsoleApp.csproj", "{C30FD3A1-1166-4D9A-9800-027649C76D77}"
EndProject
Project("{FAE04EC0-301F-11D3-BF4B-00C04F79EFBC}") = "SetIntersection.UnitTests", "SetIntersection.UnitTests\SetIntersection.UnitTests.csproj", "{8192F8AD-01AF-44C2-9991-500CAB54F76D}"
EndProject
Global
	GlobalSection(SolutionConfigurationPlatforms) = preSolution
		Debug|Any CPU = Debug|Any CPU
		Release|Any CPU = Release|Any CPU
	EndGlobalSection
	GlobalSection(ProjectConfigurationPlatforms) = postSolution
		{C30FD3A1-1166-4D9A-9800-027649C76D77}.Debug|Any CPU.ActiveCfg = Debug|Any CPU
		{C30FD3A1-1166-4D9A-9800-027649C76D77}.Debug|Any CPU.Build.0 = Debug|Any CPU
		{C30FD3A1-1166-4D9A-9800-027649C76D77}.Release|Any CPU.ActiveCfg = Release|Any CPU
		{C30FD3A1-1166-4D9A-9800-027649C76D77}.Release|Any CPU.Build.0 = Release|Any CPU
		{8192F8AD-01AF-44C2-9991-500CAB54F76D}.Debug|Any CPU.ActiveCfg = Debug|Any CPU
		{8192F8AD-01AF-44C2-9991-500CAB54F76D}.Debug|Any CPU.Build.0 = Debug|Any CPU
		{8192F8AD-01AF-44C2-9991-500CAB54F76D}.Release|Any CPU.ActiveCfg = Release|Any CPU
		{8192F8AD-01AF-44C2-9991-500CAB54F76D}.Release|Any CPU.Build.0 = Release|Any CPU
	EndGlobalSection
	GlobalSection(SolutionProperties) = preSolution
		HideSolutionNode = FALSE
	EndGlobalSection
EndGlobal
