
Microsoft Visual Studio Solution File, Format Version 12.00
# Visual Studio 14
VisualStudioVersion = 14.0.24720.0
MinimumVisualStudioVersion = 10.0.40219.1
Project("{FAE04EC0-301F-11D3-BF4B-00C04F79EFBC}") = "WorkingExperience.ConsoleApp", "WorkingExperience.ConsoleApp\WorkingExperience.ConsoleApp.csproj", "{F9CBE591-7FC7-4D25-87DF-A215D0AC3599}"
EndProject
Project("{FAE04EC0-301F-11D3-BF4B-00C04F79EFBC}") = "WorkingExperience.UnitTests", "WorkingExperience.UnitTests\WorkingExperience.UnitTests.csproj", "{086AB382-8411-49D0-A455-A6CDCFD1C0B3}"
EndProject
Global
	GlobalSection(SolutionConfigurationPlatforms) = preSolution
		Debug|Any CPU = Debug|Any CPU
		Release|Any CPU = Release|Any CPU
	EndGlobalSection
	GlobalSection(ProjectConfigurationPlatforms) = postSolution
		{F9CBE591-7FC7-4D25-87DF-A215D0AC3599}.Debug|Any CPU.ActiveCfg = Debug|Any CPU
		{F9CBE591-7FC7-4D25-87DF-A215D0AC3599}.Debug|Any CPU.Build.0 = Debug|Any CPU
		{F9CBE591-7FC7-4D25-87DF-A215D0AC3599}.Release|Any CPU.ActiveCfg = Release|Any CPU
		{F9CBE591-7FC7-4D25-87DF-A215D0AC3599}.Release|Any CPU.Build.0 = Release|Any CPU
		{086AB382-8411-49D0-A455-A6CDCFD1C0B3}.Debug|Any CPU.ActiveCfg = Debug|Any CPU
		{086AB382-8411-49D0-A455-A6CDCFD1C0B3}.Debug|Any CPU.Build.0 = Debug|Any CPU
		{086AB382-8411-49D0-A455-A6CDCFD1C0B3}.Release|Any CPU.ActiveCfg = Release|Any CPU
		{086AB382-8411-49D0-A455-A6CDCFD1C0B3}.Release|Any CPU.Build.0 = Release|Any CPU
	EndGlobalSection
	GlobalSection(SolutionProperties) = preSolution
		HideSolutionNode = FALSE
	EndGlobalSection
EndGlobal
