
Microsoft Visual Studio Solution File, Format Version 12.00
# Visual Studio 14
VisualStudioVersion = 14.0.24720.0
MinimumVisualStudioVersion = 10.0.40219.1
Project("{FAE04EC0-301F-11D3-BF4B-00C04F79EFBC}") = "LettercasePercentageRatio.ConsoleApp", "LettercasePercentageRatio.ConsoleApp\LettercasePercentageRatio.ConsoleApp.csproj", "{3007F2D1-39BC-41C2-B166-53E3B3A7CC55}"
EndProject
Project("{FAE04EC0-301F-11D3-BF4B-00C04F79EFBC}") = "LettercasePercentageRatio.UnitTests", "LettercasePercentageRatio.UnitTests\LettercasePercentageRatio.UnitTests.csproj", "{70F1515C-F2B9-458E-98EB-D59938993F2B}"
EndProject
Global
	GlobalSection(SolutionConfigurationPlatforms) = preSolution
		Debug|Any CPU = Debug|Any CPU
		Release|Any CPU = Release|Any CPU
	EndGlobalSection
	GlobalSection(ProjectConfigurationPlatforms) = postSolution
		{3007F2D1-39BC-41C2-B166-53E3B3A7CC55}.Debug|Any CPU.ActiveCfg = Debug|Any CPU
		{3007F2D1-39BC-41C2-B166-53E3B3A7CC55}.Debug|Any CPU.Build.0 = Debug|Any CPU
		{3007F2D1-39BC-41C2-B166-53E3B3A7CC55}.Release|Any CPU.ActiveCfg = Release|Any CPU
		{3007F2D1-39BC-41C2-B166-53E3B3A7CC55}.Release|Any CPU.Build.0 = Release|Any CPU
		{70F1515C-F2B9-458E-98EB-D59938993F2B}.Debug|Any CPU.ActiveCfg = Debug|Any CPU
		{70F1515C-F2B9-458E-98EB-D59938993F2B}.Debug|Any CPU.Build.0 = Debug|Any CPU
		{70F1515C-F2B9-458E-98EB-D59938993F2B}.Release|Any CPU.ActiveCfg = Release|Any CPU
		{70F1515C-F2B9-458E-98EB-D59938993F2B}.Release|Any CPU.Build.0 = Release|Any CPU
	EndGlobalSection
	GlobalSection(SolutionProperties) = preSolution
		HideSolutionNode = FALSE
	EndGlobalSection
EndGlobal
